
Microsoft Visual Studio Solution File, Format Version 12.00
# Visual Studio Version 17
VisualStudioVersion = 17.10.35027.167
MinimumVisualStudioVersion = 10.0.40219.1
Project("{FAE04EC0-301F-11D3-BF4B-00C04F79EFBC}") = "Api_validacionUsuario", "Api_validacionUsuario\Api_validacionUsuario.csproj", "{63E64B5D-FD3D-45CF-9E47-320019492B9B}"
EndProject
Global
	GlobalSection(SolutionConfigurationPlatforms) = preSolution
		Debug|Any CPU = Debug|Any CPU
		Release|Any CPU = Release|Any CPU
	EndGlobalSection
	GlobalSection(ProjectConfigurationPlatforms) = postSolution
		{63E64B5D-FD3D-45CF-9E47-320019492B9B}.Debug|Any CPU.ActiveCfg = Debug|Any CPU
		{63E64B5D-FD3D-45CF-9E47-320019492B9B}.Debug|Any CPU.Build.0 = Debug|Any CPU
		{63E64B5D-FD3D-45CF-9E47-320019492B9B}.Release|Any CPU.ActiveCfg = Release|Any CPU
		{63E64B5D-FD3D-45CF-9E47-320019492B9B}.Release|Any CPU.Build.0 = Release|Any CPU
	EndGlobalSection
	GlobalSection(SolutionProperties) = preSolution
		HideSolutionNode = FALSE
	EndGlobalSection
	GlobalSection(ExtensibilityGlobals) = postSolution
		SolutionGuid = {4009CE15-73F7-4EFA-8AF7-BFFD34807592}
	EndGlobalSection
EndGlobal
